
Microsoft Visual Studio Solution File, Format Version 12.00
# Visual Studio Version 17
VisualStudioVersion = 17.4.33122.133
MinimumVisualStudioVersion = 10.0.40219.1
Project("{2150E333-8FDC-42A3-9474-1A3956D46DE8}") = "Solution Items", "Solution Items", "{1C8B7EDF-F099-4A28-803E-4A0621808E40}"
	ProjectSection(SolutionItems) = preProject
		.editorconfig = .editorconfig
		README.md = README.md
	EndProjectSection
EndProject
Project("{2150E333-8FDC-42A3-9474-1A3956D46DE8}") = "basic-example", "basic-example", "{72EC63AA-9F8C-464D-A2CD-9EB618F5885F}"
EndProject
Project("{9A19103F-16F7-4668-BE54-9A1E7A4F7556}") = "Uow.Sqlite.Tests", "basic-example\Uow.Sqlite.Tests\Uow.Sqlite.Tests.csproj", "{15CEDFB0-1BD8-4ECD-8B44-191F674EB65A}"
EndProject
Project("{2150E333-8FDC-42A3-9474-1A3956D46DE8}") = "mssql-example", "mssql-example", "{E33C43F1-0EAE-4406-A6F9-2F8487E1E91A}"
EndProject
Project("{9A19103F-16F7-4668-BE54-9A1E7A4F7556}") = "Uow.Mssql.Database", "mssql-example\Uow.Mssql.Database\Uow.Mssql.Database.csproj", "{C332E911-E8DC-4E00-80FB-D09B32470476}"
EndProject
Project("{9A19103F-16F7-4668-BE54-9A1E7A4F7556}") = "Uow.Mssql.Tests", "mssql-example\Uow.Mssql.Tests\Uow.Mssql.Tests.csproj", "{C6DF9767-9D0D-4445-ACB7-799DAF23B507}"
EndProject
Project("{9A19103F-16F7-4668-BE54-9A1E7A4F7556}") = "Uow.Mssql.Migrator", "mssql-example\Uow.Mssql.Migrator\Uow.Mssql.Migrator.csproj", "{69B75AF7-A8DA-499C-8CCE-BFF3CD8DBB70}"
EndProject
Project("{2150E333-8FDC-42A3-9474-1A3956D46DE8}") = "sql-server-container", "sql-server-container", "{B71926B3-73DE-48E3-929E-D37826193CD6}"
	ProjectSection(SolutionItems) = preProject
		sql-server-container\Dockerfile = sql-server-container\Dockerfile
		sql-server-container\entrypoint.sh = sql-server-container\entrypoint.sh
		sql-server-container\initialize-database.sql = sql-server-container\initialize-database.sql
		sql-server-container\setup-database.sh = sql-server-container\setup-database.sh
	EndProjectSection
EndProject
Project("{2150E333-8FDC-42A3-9474-1A3956D46DE8}") = "example-with-events", "example-with-events", "{884F405E-F04F-4645-9825-E778C260E41E}"
EndProject
Project("{9A19103F-16F7-4668-BE54-9A1E7A4F7556}") = "Uow.SqliteWithEvents.Example", "example-with-events\Uow.SqliteWithEvents.Example\Uow.SqliteWithEvents.Example.csproj", "{C0B41774-40DA-463D-BF22-B55BA4FEF564}"
EndProject
Project("{9A19103F-16F7-4668-BE54-9A1E7A4F7556}") = "Uow.SqliteWithEvents.Tests", "example-with-events\Uow.SqliteWithEvents.Tests\Uow.SqliteWithEvents.Tests.csproj", "{66873557-3181-43EF-8773-BA47CF64EE1C}"
EndProject
Project("{E53339B2-1760-4266-BCC7-CA923CBCF16C}") = "docker-compose", "docker-compose.dcproj", "{D2C0E2B3-E223-41BF-8B23-6B1487F598FA}"
EndProject
Project("{2150E333-8FDC-42A3-9474-1A3956D46DE8}") = "postgresql-example", "postgresql-example", "{D5DCDE51-0581-44F4-AA19-299C80103AE9}"
EndProject
Project("{9A19103F-16F7-4668-BE54-9A1E7A4F7556}") = "Uow.Postgresql.Database", "postgresql-example\Uow.Postgresql.Database\Uow.Postgresql.Database.csproj", "{DB28EE51-9353-484B-9C27-D2704AC32F1B}"
EndProject
Project("{9A19103F-16F7-4668-BE54-9A1E7A4F7556}") = "Uow.Postgresql.Migrator", "postgresql-example\Uow.Postgresql.Migrator\Uow.Postgresql.Migrator.csproj", "{F8F224CC-7765-4ADA-8948-1757CA691616}"
EndProject
Project("{9A19103F-16F7-4668-BE54-9A1E7A4F7556}") = "Uow.Postgresql.Tests", "postgresql-example\Uow.Postgresql.Tests\Uow.Postgresql.Tests.csproj", "{BA1205AC-0046-4193-85B3-0F2103D5BA01}"
EndProject
Project("{9A19103F-16F7-4668-BE54-9A1E7A4F7556}") = "Uow.Sqlite.Example", "basic-example\Uow.Sqlite.Example\Uow.Sqlite.Example.csproj", "{1F0F5CD9-A942-49AB-8389-158706DDB505}"
EndProject
Project("{2150E333-8FDC-42A3-9474-1A3956D46DE8}") = "entity-framework-in-memory-example", "entity-framework-in-memory-example", "{5E123332-EC8D-446F-ABB1-7904F4A0680C}"
EndProject
Project("{FAE04EC0-301F-11D3-BF4B-00C04F79EFBC}") = "Uow.EntityFrameworkInMemory.Example", "entity-framework-in-memory-example\Uow.EntityFrameworkInMemory.Example\Uow.EntityFrameworkInMemory.Example.csproj", "{ECAAB73C-7694-44BF-B5BA-3B203D4633DF}"
EndProject
Project("{FAE04EC0-301F-11D3-BF4B-00C04F79EFBC}") = "Uow.EntityFrameworkInMemory.Tests", "entity-framework-in-memory-example\Uow.EntityFrameworkInMemory.Tests\Uow.EntityFrameworkInMemory.Tests.csproj", "{9AFB1AE2-D2C3-4980-A09A-41FE3A95EA3B}"
EndProject
Global
	GlobalSection(SolutionConfigurationPlatforms) = preSolution
		Debug|Any CPU = Debug|Any CPU
		Release|Any CPU = Release|Any CPU
	EndGlobalSection
	GlobalSection(ProjectConfigurationPlatforms) = postSolution
		{15CEDFB0-1BD8-4ECD-8B44-191F674EB65A}.Debug|Any CPU.ActiveCfg = Debug|Any CPU
		{15CEDFB0-1BD8-4ECD-8B44-191F674EB65A}.Debug|Any CPU.Build.0 = Debug|Any CPU
		{15CEDFB0-1BD8-4ECD-8B44-191F674EB65A}.Release|Any CPU.ActiveCfg = Release|Any CPU
		{15CEDFB0-1BD8-4ECD-8B44-191F674EB65A}.Release|Any CPU.Build.0 = Release|Any CPU
		{C332E911-E8DC-4E00-80FB-D09B32470476}.Debug|Any CPU.ActiveCfg = Debug|Any CPU
		{C332E911-E8DC-4E00-80FB-D09B32470476}.Debug|Any CPU.Build.0 = Debug|Any CPU
		{C332E911-E8DC-4E00-80FB-D09B32470476}.Release|Any CPU.ActiveCfg = Release|Any CPU
		{C332E911-E8DC-4E00-80FB-D09B32470476}.Release|Any CPU.Build.0 = Release|Any CPU
		{C6DF9767-9D0D-4445-ACB7-799DAF23B507}.Debug|Any CPU.ActiveCfg = Debug|Any CPU
		{C6DF9767-9D0D-4445-ACB7-799DAF23B507}.Debug|Any CPU.Build.0 = Debug|Any CPU
		{C6DF9767-9D0D-4445-ACB7-799DAF23B507}.Release|Any CPU.ActiveCfg = Release|Any CPU
		{C6DF9767-9D0D-4445-ACB7-799DAF23B507}.Release|Any CPU.Build.0 = Release|Any CPU
		{69B75AF7-A8DA-499C-8CCE-BFF3CD8DBB70}.Debug|Any CPU.ActiveCfg = Debug|Any CPU
		{69B75AF7-A8DA-499C-8CCE-BFF3CD8DBB70}.Debug|Any CPU.Build.0 = Debug|Any CPU
		{69B75AF7-A8DA-499C-8CCE-BFF3CD8DBB70}.Release|Any CPU.ActiveCfg = Release|Any CPU
		{69B75AF7-A8DA-499C-8CCE-BFF3CD8DBB70}.Release|Any CPU.Build.0 = Release|Any CPU
		{C0B41774-40DA-463D-BF22-B55BA4FEF564}.Debug|Any CPU.ActiveCfg = Debug|Any CPU
		{C0B41774-40DA-463D-BF22-B55BA4FEF564}.Debug|Any CPU.Build.0 = Debug|Any CPU
		{C0B41774-40DA-463D-BF22-B55BA4FEF564}.Release|Any CPU.ActiveCfg = Release|Any CPU
		{C0B41774-40DA-463D-BF22-B55BA4FEF564}.Release|Any CPU.Build.0 = Release|Any CPU
		{66873557-3181-43EF-8773-BA47CF64EE1C}.Debug|Any CPU.ActiveCfg = Debug|Any CPU
		{66873557-3181-43EF-8773-BA47CF64EE1C}.Debug|Any CPU.Build.0 = Debug|Any CPU
		{66873557-3181-43EF-8773-BA47CF64EE1C}.Release|Any CPU.ActiveCfg = Release|Any CPU
		{66873557-3181-43EF-8773-BA47CF64EE1C}.Release|Any CPU.Build.0 = Release|Any CPU
		{D2C0E2B3-E223-41BF-8B23-6B1487F598FA}.Debug|Any CPU.ActiveCfg = Debug|Any CPU
		{D2C0E2B3-E223-41BF-8B23-6B1487F598FA}.Debug|Any CPU.Build.0 = Debug|Any CPU
		{D2C0E2B3-E223-41BF-8B23-6B1487F598FA}.Release|Any CPU.ActiveCfg = Release|Any CPU
		{D2C0E2B3-E223-41BF-8B23-6B1487F598FA}.Release|Any CPU.Build.0 = Release|Any CPU
		{DB28EE51-9353-484B-9C27-D2704AC32F1B}.Debug|Any CPU.ActiveCfg = Debug|Any CPU
		{DB28EE51-9353-484B-9C27-D2704AC32F1B}.Debug|Any CPU.Build.0 = Debug|Any CPU
		{DB28EE51-9353-484B-9C27-D2704AC32F1B}.Release|Any CPU.ActiveCfg = Release|Any CPU
		{DB28EE51-9353-484B-9C27-D2704AC32F1B}.Release|Any CPU.Build.0 = Release|Any CPU
		{F8F224CC-7765-4ADA-8948-1757CA691616}.Debug|Any CPU.ActiveCfg = Debug|Any CPU
		{F8F224CC-7765-4ADA-8948-1757CA691616}.Debug|Any CPU.Build.0 = Debug|Any CPU
		{F8F224CC-7765-4ADA-8948-1757CA691616}.Release|Any CPU.ActiveCfg = Release|Any CPU
		{F8F224CC-7765-4ADA-8948-1757CA691616}.Release|Any CPU.Build.0 = Release|Any CPU
		{BA1205AC-0046-4193-85B3-0F2103D5BA01}.Debug|Any CPU.ActiveCfg = Debug|Any CPU
		{BA1205AC-0046-4193-85B3-0F2103D5BA01}.Debug|Any CPU.Build.0 = Debug|Any CPU
		{BA1205AC-0046-4193-85B3-0F2103D5BA01}.Release|Any CPU.ActiveCfg = Release|Any CPU
		{BA1205AC-0046-4193-85B3-0F2103D5BA01}.Release|Any CPU.Build.0 = Release|Any CPU
		{1F0F5CD9-A942-49AB-8389-158706DDB505}.Debug|Any CPU.ActiveCfg = Debug|Any CPU
		{1F0F5CD9-A942-49AB-8389-158706DDB505}.Debug|Any CPU.Build.0 = Debug|Any CPU
		{1F0F5CD9-A942-49AB-8389-158706DDB505}.Release|Any CPU.ActiveCfg = Release|Any CPU
		{1F0F5CD9-A942-49AB-8389-158706DDB505}.Release|Any CPU.Build.0 = Release|Any CPU
		{ECAAB73C-7694-44BF-B5BA-3B203D4633DF}.Debug|Any CPU.ActiveCfg = Debug|Any CPU
		{ECAAB73C-7694-44BF-B5BA-3B203D4633DF}.Debug|Any CPU.Build.0 = Debug|Any CPU
		{ECAAB73C-7694-44BF-B5BA-3B203D4633DF}.Release|Any CPU.ActiveCfg = Release|Any CPU
		{ECAAB73C-7694-44BF-B5BA-3B203D4633DF}.Release|Any CPU.Build.0 = Release|Any CPU
		{9AFB1AE2-D2C3-4980-A09A-41FE3A95EA3B}.Debug|Any CPU.ActiveCfg = Debug|Any CPU
		{9AFB1AE2-D2C3-4980-A09A-41FE3A95EA3B}.Debug|Any CPU.Build.0 = Debug|Any CPU
		{9AFB1AE2-D2C3-4980-A09A-41FE3A95EA3B}.Release|Any CPU.ActiveCfg = Release|Any CPU
		{9AFB1AE2-D2C3-4980-A09A-41FE3A95EA3B}.Release|Any CPU.Build.0 = Release|Any CPU
	EndGlobalSection
	GlobalSection(SolutionProperties) = preSolution
		HideSolutionNode = FALSE
	EndGlobalSection
	GlobalSection(NestedProjects) = preSolution
		{15CEDFB0-1BD8-4ECD-8B44-191F674EB65A} = {72EC63AA-9F8C-464D-A2CD-9EB618F5885F}
		{C332E911-E8DC-4E00-80FB-D09B32470476} = {E33C43F1-0EAE-4406-A6F9-2F8487E1E91A}
		{C6DF9767-9D0D-4445-ACB7-799DAF23B507} = {E33C43F1-0EAE-4406-A6F9-2F8487E1E91A}
		{69B75AF7-A8DA-499C-8CCE-BFF3CD8DBB70} = {E33C43F1-0EAE-4406-A6F9-2F8487E1E91A}
		{C0B41774-40DA-463D-BF22-B55BA4FEF564} = {884F405E-F04F-4645-9825-E778C260E41E}
		{66873557-3181-43EF-8773-BA47CF64EE1C} = {884F405E-F04F-4645-9825-E778C260E41E}
		{DB28EE51-9353-484B-9C27-D2704AC32F1B} = {D5DCDE51-0581-44F4-AA19-299C80103AE9}
		{F8F224CC-7765-4ADA-8948-1757CA691616} = {D5DCDE51-0581-44F4-AA19-299C80103AE9}
		{BA1205AC-0046-4193-85B3-0F2103D5BA01} = {D5DCDE51-0581-44F4-AA19-299C80103AE9}
		{1F0F5CD9-A942-49AB-8389-158706DDB505} = {72EC63AA-9F8C-464D-A2CD-9EB618F5885F}
		{ECAAB73C-7694-44BF-B5BA-3B203D4633DF} = {5E123332-EC8D-446F-ABB1-7904F4A0680C}
		{9AFB1AE2-D2C3-4980-A09A-41FE3A95EA3B} = {5E123332-EC8D-446F-ABB1-7904F4A0680C}
	EndGlobalSection
	GlobalSection(ExtensibilityGlobals) = postSolution
		SolutionGuid = {0F5E5E04-7E6E-4A54-867D-12ED0CE09C45}
	EndGlobalSection
EndGlobal
